{
  "name": "angular-multi-package-foo",
  "version": "0.0.0",
  "lockfileVersion": 1,
  "requires": true,
  "dependencies": {
    "@ng-bootstrap/ng-bootstrap": {
      "version": "1.0.0-beta.3",
      "resolved": "https://registry.npmjs.org/@ng-bootstrap/ng-bootstrap/-/ng-bootstrap-1.0.0-beta.3.tgz",
      "integrity": "sha1-wf3Y1yf1SDC21HDA2fn8MtRUlPk="
    }
  }
}
